
Microsoft Visual Studio Solution File, Format Version 12.00
# Visual Studio Version 17
VisualStudioVersion = 17.5.002.0
MinimumVisualStudioVersion = 10.0.40219.1
Project("{9A19103F-16F7-4668-BE54-9A1E7A4F7556}") = "Hello_World", "Hello_World\Hello_World.csproj", "{AB2959E9-D8B1-4912-8D0D-5E73AB1E6E99}"
EndProject
Global
	GlobalSection(SolutionConfigurationPlatforms) = preSolution
		Debug|Any CPU = Debug|Any CPU
		Release|Any CPU = Release|Any CPU
	EndGlobalSection
	GlobalSection(ProjectConfigurationPlatforms) = postSolution
		{AB2959E9-D8B1-4912-8D0D-5E73AB1E6E99}.Debug|Any CPU.ActiveCfg = Debug|Any CPU
		{AB2959E9-D8B1-4912-8D0D-5E73AB1E6E99}.Debug|Any CPU.Build.0 = Debug|Any CPU
		{AB2959E9-D8B1-4912-8D0D-5E73AB1E6E99}.Release|Any CPU.ActiveCfg = Release|Any CPU
		{AB2959E9-D8B1-4912-8D0D-5E73AB1E6E99}.Release|Any CPU.Build.0 = Release|Any CPU
	EndGlobalSection
	GlobalSection(SolutionProperties) = preSolution
		HideSolutionNode = FALSE
	EndGlobalSection
	GlobalSection(ExtensibilityGlobals) = postSolution
		SolutionGuid = {775C3A87-5E70-4BC8-B755-01EA3BBEBA96}
	EndGlobalSection
EndGlobal
